
Microsoft Visual Studio Solution File, Format Version 12.00
# Visual Studio 14
VisualStudioVersion = 14.0.25420.1
MinimumVisualStudioVersion = 10.0.40219.1
Project("{FAE04EC0-301F-11D3-BF4B-00C04F79EFBC}") = "TuicContentLoader", "WindowsFormsApplication1\TuicContentLoader.csproj", "{5A60A465-2107-482A-BF81-E961ED1D3D06}"
EndProject
Project("{FAE04EC0-301F-11D3-BF4B-00C04F79EFBC}") = "WpfApplication1", "WpfApplication1\WpfApplication1.csproj", "{98C14458-E518-4BC4-AB15-906672751EC2}"
EndProject
Project("{FAE04EC0-301F-11D3-BF4B-00C04F79EFBC}") = "NTesting", "NTesting\NTesting.csproj", "{440BB27C-007C-4C25-9D1F-5A5C728CD0FA}"
EndProject
Global
	GlobalSection(SolutionConfigurationPlatforms) = preSolution
		Debug|Any CPU = Debug|Any CPU
		Release|Any CPU = Release|Any CPU
	EndGlobalSection
	GlobalSection(ProjectConfigurationPlatforms) = postSolution
		{5A60A465-2107-482A-BF81-E961ED1D3D06}.Debug|Any CPU.ActiveCfg = Debug|Any CPU
		{5A60A465-2107-482A-BF81-E961ED1D3D06}.Debug|Any CPU.Build.0 = Debug|Any CPU
		{5A60A465-2107-482A-BF81-E961ED1D3D06}.Release|Any CPU.ActiveCfg = Release|Any CPU
		{5A60A465-2107-482A-BF81-E961ED1D3D06}.Release|Any CPU.Build.0 = Release|Any CPU
		{98C14458-E518-4BC4-AB15-906672751EC2}.Debug|Any CPU.ActiveCfg = Debug|Any CPU
		{98C14458-E518-4BC4-AB15-906672751EC2}.Debug|Any CPU.Build.0 = Debug|Any CPU
		{98C14458-E518-4BC4-AB15-906672751EC2}.Release|Any CPU.ActiveCfg = Release|Any CPU
		{98C14458-E518-4BC4-AB15-906672751EC2}.Release|Any CPU.Build.0 = Release|Any CPU
		{440BB27C-007C-4C25-9D1F-5A5C728CD0FA}.Debug|Any CPU.ActiveCfg = Debug|Any CPU
		{440BB27C-007C-4C25-9D1F-5A5C728CD0FA}.Debug|Any CPU.Build.0 = Debug|Any CPU
		{440BB27C-007C-4C25-9D1F-5A5C728CD0FA}.Release|Any CPU.ActiveCfg = Release|Any CPU
		{440BB27C-007C-4C25-9D1F-5A5C728CD0FA}.Release|Any CPU.Build.0 = Release|Any CPU
	EndGlobalSection
	GlobalSection(SolutionProperties) = preSolution
		HideSolutionNode = FALSE
	EndGlobalSection
EndGlobal
